
Microsoft Visual Studio Solution File, Format Version 12.00
# Visual Studio Version 17
VisualStudioVersion = 17.0.31903.59
MinimumVisualStudioVersion = 10.0.40219.1
Project("{9A19103F-16F7-4668-BE54-9A1E7A4F7556}") = "MicrosoftLogging", "MicrosoftLogging\MicrosoftLogging.csproj", "{7A569677-1EF6-494D-9607-4F203A8C84FE}"
EndProject
Project("{9A19103F-16F7-4668-BE54-9A1E7A4F7556}") = "SerilogLogging", "SerilogLogging\SerilogLogging.csproj", "{A1EF759B-C366-47E4-BD83-D6AA5E2EFD8C}"
EndProject
Project("{9A19103F-16F7-4668-BE54-9A1E7A4F7556}") = "Shared", "Shared\Shared.csproj", "{C8EC51C0-0AD7-4DDA-A8FF-D24FB297B7E5}"
EndProject
Project("{FAE04EC0-301F-11D3-BF4B-00C04F79EFBC}") = "SerilogSimpleExample", "SerilogSimpleExample\SerilogSimpleExample.csproj", "{2D228569-2F85-44E8-80F6-041157CE6BCD}"
EndProject
Project("{FAE04EC0-301F-11D3-BF4B-00C04F79EFBC}") = "MicrosoftSimpleExample", "MicrosoftSimpleExample\MicrosoftSimpleExample.csproj", "{06EF9FF2-73BA-4659-A108-A469543DC744}"
EndProject
Global
	GlobalSection(SolutionConfigurationPlatforms) = preSolution
		Debug|Any CPU = Debug|Any CPU
		Release|Any CPU = Release|Any CPU
	EndGlobalSection
	GlobalSection(ProjectConfigurationPlatforms) = postSolution
		{7A569677-1EF6-494D-9607-4F203A8C84FE}.Debug|Any CPU.ActiveCfg = Debug|Any CPU
		{7A569677-1EF6-494D-9607-4F203A8C84FE}.Debug|Any CPU.Build.0 = Debug|Any CPU
		{7A569677-1EF6-494D-9607-4F203A8C84FE}.Release|Any CPU.ActiveCfg = Release|Any CPU
		{7A569677-1EF6-494D-9607-4F203A8C84FE}.Release|Any CPU.Build.0 = Release|Any CPU
		{A1EF759B-C366-47E4-BD83-D6AA5E2EFD8C}.Debug|Any CPU.ActiveCfg = Debug|Any CPU
		{A1EF759B-C366-47E4-BD83-D6AA5E2EFD8C}.Debug|Any CPU.Build.0 = Debug|Any CPU
		{A1EF759B-C366-47E4-BD83-D6AA5E2EFD8C}.Release|Any CPU.ActiveCfg = Release|Any CPU
		{A1EF759B-C366-47E4-BD83-D6AA5E2EFD8C}.Release|Any CPU.Build.0 = Release|Any CPU
		{C8EC51C0-0AD7-4DDA-A8FF-D24FB297B7E5}.Debug|Any CPU.ActiveCfg = Debug|Any CPU
		{C8EC51C0-0AD7-4DDA-A8FF-D24FB297B7E5}.Debug|Any CPU.Build.0 = Debug|Any CPU
		{C8EC51C0-0AD7-4DDA-A8FF-D24FB297B7E5}.Release|Any CPU.ActiveCfg = Release|Any CPU
		{C8EC51C0-0AD7-4DDA-A8FF-D24FB297B7E5}.Release|Any CPU.Build.0 = Release|Any CPU
		{2D228569-2F85-44E8-80F6-041157CE6BCD}.Debug|Any CPU.ActiveCfg = Debug|Any CPU
		{2D228569-2F85-44E8-80F6-041157CE6BCD}.Debug|Any CPU.Build.0 = Debug|Any CPU
		{2D228569-2F85-44E8-80F6-041157CE6BCD}.Release|Any CPU.ActiveCfg = Release|Any CPU
		{2D228569-2F85-44E8-80F6-041157CE6BCD}.Release|Any CPU.Build.0 = Release|Any CPU
		{06EF9FF2-73BA-4659-A108-A469543DC744}.Debug|Any CPU.ActiveCfg = Debug|Any CPU
		{06EF9FF2-73BA-4659-A108-A469543DC744}.Debug|Any CPU.Build.0 = Debug|Any CPU
		{06EF9FF2-73BA-4659-A108-A469543DC744}.Release|Any CPU.ActiveCfg = Release|Any CPU
		{06EF9FF2-73BA-4659-A108-A469543DC744}.Release|Any CPU.Build.0 = Release|Any CPU
	EndGlobalSection
	GlobalSection(SolutionProperties) = preSolution
		HideSolutionNode = FALSE
	EndGlobalSection
	GlobalSection(ExtensibilityGlobals) = postSolution
		SolutionGuid = {2EAD0B6D-13AE-4AA6-91AA-0A0BD10069EF}
	EndGlobalSection
EndGlobal
